<Solution>
  <Project Path="Day 2/Day 2.csproj" Id="860c3a47-f85f-4d86-9d90-d248cab68994" />
  <Project Path="Day 3/Day 3.csproj" />
  <Project Path="Day 4/Day 4.csproj" Id="7acc4f3d-9a3a-4a6a-a58b-ac48cad48a33" />
  <Project Path="Day 5/Day 5.csproj" Id="98bd684a-0d7d-44c1-9796-d997f6c93aad" />
</Solution>
